PODS:
  - FMDB (2.7.5):
    - FMDB/standard (= 2.7.5)
  - FMDB/standard (2.7.5)
  - MJRefresh (3.3.1)
  - ZPMLagMonitor (0.1.0):
    - FMDB
    - MJRefresh

DEPENDENCIES:
  - ZPMLagMonitor (from `../`)

SPEC REPOS:
  trunk:
    - FMDB
    - MJRefresh

EXTERNAL SOURCES:
  ZPMLagMonitor:
    :path: "../"

SPEC CHECKSUMS:
  FMDB: 2ce00b547f966261cd18927a3ddb07cb6f3db82a
  MJRefresh: eeda70fbf0ad277f3178cef1cd0c3532591d6237
  ZPMLagMonitor: dd5a04d9706e4aeac551976e3ccf9701856d018b

PODFILE CHECKSUM: c8afcaf4204fc222ca1a515eae37b36bf1d33a5d

COCOAPODS: 1.8.3
